# THIS IS AN AUTOGENERATED FILE. DO NOT EDIT THIS FILE DIRECTLY.
# yarn lockfile v1


"@babel/parser@^7.20.15", "@babel/parser@^7.21.3":
  version "7.21.4"
  resolved "https://registry.yarnpkg.com/@babel/parser/-/parser-7.21.4.tgz#94003fdfc520bbe2875d4ae557b43ddb6d880f17"
  integrity sha512-alVJj7k7zIxqBZ7BTRhz0IqJFxW1VJbm6N8JbcYhQ186df9ZBPbZBmWSqAMXwHGsCJdYks7z/voa3ibiS5bCIw==

"@jridgewell/sourcemap-codec@^1.4.13":
  version "1.4.14"
  resolved "https://registry.yarnpkg.com/@jridgewell/sourcemap-codec/-/sourcemap-codec-1.4.14.tgz#add4c98d341472a289190b424efbdb096991bb24"
  integrity sha512-XPSJHWmi394fuUuzDnGz1wiKqWfo1yXecHQMRf2l6hztTO+nPru658AyDngaBe7isIxEkRsPR3FZh+s7iVa4Uw==

"@volar/language-core@1.4.0-alpha.7":
  version "1.4.0-alpha.7"
  resolved "https://registry.yarnpkg.com/@volar/language-core/-/language-core-1.4.0-alpha.7.tgz#8b7391ade8c655ae87a3cf4a5bdb43bb68752fc4"
  integrity sha512-kn/xA+RANXogFHv8Md7lmM4BsVcV51EmgROPiiE1km0PtZ7Po8VFj0Y5B5MNd3RZO/DLWiNfUtXC8MKmHGeDgA==
  dependencies:
    "@volar/source-map" "1.4.0-alpha.7"

"@volar/source-map@1.4.0-alpha.7":
  version "1.4.0-alpha.7"
  resolved "https://registry.yarnpkg.com/@volar/source-map/-/source-map-1.4.0-alpha.7.tgz#362d87d488daecfc656f284b2620dbcc18748e0d"
  integrity sha512-JV5LAe7kgjM8l9yvnve15M2rAJnJ+1hi4G7AbkfMvfn9IkH/BFeSwJo/aIFSRMH0m67BMbP30Ao03NQvCgqOcQ==
  dependencies:
    muggle-string "^0.2.2"

"@volar/typescript@1.4.0-alpha.7":
  version "1.4.0-alpha.7"
  resolved "https://registry.yarnpkg.com/@volar/typescript/-/typescript-1.4.0-alpha.7.tgz#69be8c000b9aa81e3092013c178cd851dc67904d"
  integrity sha512-tf7n/bNW9aTLbCpgi3E4VUpxgkOjECWRCgd4O+TLxBro1QaBzsjad2fakX4Gp9EwkhFD/WqeeHrgVpeLh5FCRw==
  dependencies:
    "@volar/language-core" "1.4.0-alpha.7"

"@volar/vue-language-core@1.3.12":
  version "1.3.12"
  resolved "https://registry.yarnpkg.com/@volar/vue-language-core/-/vue-language-core-1.3.12.tgz#bfd61f5867f3630d8d1584e2155be37ccdb68b17"
  integrity sha512-W5rcyDqQ7S21+HNAFPBjGLhEXBD271B1MfcJM/DcYYAYD/CC03YBE1zlOUiknaeJmc9HLj3nPHOKobSJiyDzRw==
  dependencies:
    "@volar/language-core" "1.4.0-alpha.7"
    "@volar/source-map" "1.4.0-alpha.7"
    "@vue/compiler-dom" "3.3.0-alpha.6"
    "@vue/compiler-sfc" "3.3.0-alpha.6"
    "@vue/reactivity" "3.3.0-alpha.6"
    "@vue/shared" "3.3.0-alpha.6"
    minimatch "^6.1.6"
    muggle-string "^0.2.2"
    vue-template-compiler "^2.7.14"

"@volar/vue-typescript@1.3.12":
  version "1.3.12"
  resolved "https://registry.yarnpkg.com/@volar/vue-typescript/-/vue-typescript-1.3.12.tgz#41eb9863291403ecf69a7df9ffa0a1ae2d368a55"
  integrity sha512-sKIYHRsddf/tZ+O1ZvEbhv31TWA8xpxF4vOi77W6CBuM+GD9ePfIsYnmHxB4lFRdeeZS8Dw43IQyhAYUMfWz1w==
  dependencies:
    "@volar/typescript" "1.4.0-alpha.7"
    "@volar/vue-language-core" "1.3.12"

"@vue/compiler-core@3.3.0-alpha.6":
  version "3.3.0-alpha.6"
  resolved "https://registry.yarnpkg.com/@vue/compiler-core/-/compiler-core-3.3.0-alpha.6.tgz#3b766fb56461ca44aff97cfd4f37a8efcef4cfcc"
  integrity sha512-F3ta1E3977gENdvm5lwXQjYqrf6wVg7HroMMNERDQvjJMC9DOMMldGWSPsZ4XPWEu5Y+zvnWfgfdudf4SaJ3SQ==
  dependencies:
    "@babel/parser" "^7.21.3"
    "@vue/shared" "3.3.0-alpha.6"
    estree-walker "^2.0.2"
    source-map "^0.6.1"

"@vue/compiler-dom@3.3.0-alpha.6":
  version "3.3.0-alpha.6"
  resolved "https://registry.yarnpkg.com/@vue/compiler-dom/-/compiler-dom-3.3.0-alpha.6.tgz#6a43a203794eb3fe56d82b6dd38f001106103210"
  integrity sha512-7m6lR9PWa5GtNh/jRn0zWSP5/rteadDni9hghtwm9gMhGpnt//DB91Do9EkQT58w0I6/ZxMwBuGiM+vh0e2ZIA==
  dependencies:
    "@vue/compiler-core" "3.3.0-alpha.6"
    "@vue/shared" "3.3.0-alpha.6"

"@vue/compiler-sfc@3.3.0-alpha.6":
  version "3.3.0-alpha.6"
  resolved "https://registry.yarnpkg.com/@vue/compiler-sfc/-/compiler-sfc-3.3.0-alpha.6.tgz#df0b0728e0373593c60b9f83837c7f57e69bcbef"
  integrity sha512-VM+BE85eEBQOU1iYWX3FLEZZSC+rSecTuOmZMfrc10e4NaxEQyC1y0rjGSuh0o/vuU35E159BGsiS8M17IwkAQ==
  dependencies:
    "@babel/parser" "^7.20.15"
    "@vue/compiler-core" "3.3.0-alpha.6"
    "@vue/compiler-dom" "3.3.0-alpha.6"
    "@vue/compiler-ssr" "3.3.0-alpha.6"
    "@vue/reactivity-transform" "3.3.0-alpha.6"
    "@vue/shared" "3.3.0-alpha.6"
    estree-walker "^2.0.2"
    magic-string "^0.30.0"
    postcss "^8.1.10"
    source-map "^0.6.1"

"@vue/compiler-ssr@3.3.0-alpha.6":
  version "3.3.0-alpha.6"
  resolved "https://registry.yarnpkg.com/@vue/compiler-ssr/-/compiler-ssr-3.3.0-alpha.6.tgz#524566de411e2901ff5441d854048fb728f0b254"
  integrity sha512-enZua8RfLVTwdym9Tatpk2vfCux/JNaw6LDjRzHBnpJ015lU5gzzBjg2PoHwchQXGMUf+/GdugmgduspH6ClIQ==
  dependencies:
    "@vue/compiler-dom" "3.3.0-alpha.6"
    "@vue/shared" "3.3.0-alpha.6"

"@vue/reactivity-transform@3.3.0-alpha.6":
  version "3.3.0-alpha.6"
  resolved "https://registry.yarnpkg.com/@vue/reactivity-transform/-/reactivity-transform-3.3.0-alpha.6.tgz#2ea9a2617726fbf5fe0be5f2e36a0a5451db38da"
  integrity sha512-2GsrFtVqajF07S+3p6niQ3RQtY9b8ga80DzPTUEVzNgnsT4h2FjaI/1MZ8XrXjEWCIClkkBkoE3s7gJsn8mAbQ==
  dependencies:
    "@babel/parser" "^7.20.15"
    "@vue/compiler-core" "3.3.0-alpha.6"
    "@vue/shared" "3.3.0-alpha.6"
    estree-walker "^2.0.2"
    magic-string "^0.30.0"

"@vue/reactivity@3.3.0-alpha.6":
  version "3.3.0-alpha.6"
  resolved "https://registry.yarnpkg.com/@vue/reactivity/-/reactivity-3.3.0-alpha.6.tgz#452d2c23d7eae8f676094ed61f42c7524c9b83cb"
  integrity sha512-NI/lZX3ze//Llvaj0iU9Kf7RAD8gIJOmuqjoYH7JfF0FPVnShIYSvgXc9qUzIVBPoa9/55s/DuygUzCj6QtXzQ==
  dependencies:
    "@vue/shared" "3.3.0-alpha.6"

"@vue/shared@3.3.0-alpha.6":
  version "3.3.0-alpha.6"
  resolved "https://registry.yarnpkg.com/@vue/shared/-/shared-3.3.0-alpha.6.tgz#4d7bebbc70031525dc6e3f2cefcb9e90f030b752"
  integrity sha512-KwK7FAXqzCgQHSJ+6NQOrnCQyu9LZ8JRudKULn2MZ0Jnn6EkrNYRqzbEs5nisPW4VK/nnt11uk4EFvbbSAIteQ==

ansi-sequence-parser@^1.1.0:
  version "1.1.0"
  resolved "https://registry.yarnpkg.com/ansi-sequence-parser/-/ansi-sequence-parser-1.1.0.tgz#4d790f31236ac20366b23b3916b789e1bde39aed"
  integrity sha512-lEm8mt52to2fT8GhciPCGeCXACSz2UwIN4X2e2LJSnZ5uAbn2/dsYdOmUXq0AtWS5cpAupysIneExOgH0Vd2TQ==

balanced-match@^1.0.0:
  version "1.0.2"
  resolved "https://registry.yarnpkg.com/balanced-match/-/balanced-match-1.0.2.tgz#e83e3a7e3f300b34cb9d87f615fa0cbf357690ee"
  integrity sha512-3oSeUO0TMV67hN1AmbXsK4yaqU7tjiHlbxRDZOpH0KW9+CeX4bRAaX0Anxt0tx2MrpRpWwQaPwIlISEJhYU5Pw==

brace-expansion@^2.0.1:
  version "2.0.1"
  resolved "https://registry.yarnpkg.com/brace-expansion/-/brace-expansion-2.0.1.tgz#1edc459e0f0c548486ecf9fc99f2221364b9a0ae"
  integrity sha512-XnAIvQ8eM+kC6aULx6wuQiwVsnzsi9d3WxzV3FpWTGA19F621kwdbsAcFKXgKUHZWsy+mY6iL1sHTxWEFCytDA==
  dependencies:
    balanced-match "^1.0.0"

de-indent@^1.0.2:
  version "1.0.2"
  resolved "https://registry.yarnpkg.com/de-indent/-/de-indent-1.0.2.tgz#b2038e846dc33baa5796128d0804b455b8c1e21d"
  integrity sha512-e/1zu3xH5MQryN2zdVaF0OrdNLUbvWxzMbi+iNA6Bky7l1RoP8a2fIbRocyHclXt/arDrrR6lL3TqFD9pMQTsg==

estree-walker@^2.0.2:
  version "2.0.2"
  resolved "https://registry.yarnpkg.com/estree-walker/-/estree-walker-2.0.2.tgz#52f010178c2a4c117a7757cfe942adb7d2da4cac"
  integrity sha512-Rfkk/Mp/DL7JVje3u18FxFujQlTNR2q6QfMSMB7AvCBx91NGj/ba3kCfza0f6dVDbw7YlRf/nDrn7pQrCCyQ/w==

he@^1.2.0:
  version "1.2.0"
  resolved "https://registry.yarnpkg.com/he/-/he-1.2.0.tgz#84ae65fa7eafb165fddb61566ae14baf05664f0f"
  integrity sha512-F/1DnUGPopORZi0ni+CvrCgHQ5FyEAHRLSApuYWMmrbSwoN2Mn/7k+Gl38gJnR7yyDZk6WLXwiGod1JOWNDKGw==

jsonc-parser@^3.2.0:
  version "3.2.0"
  resolved "https://registry.yarnpkg.com/jsonc-parser/-/jsonc-parser-3.2.0.tgz#31ff3f4c2b9793f89c67212627c51c6394f88e76"
  integrity sha512-gfFQZrcTc8CnKXp6Y4/CBT3fTc0OVuDofpre4aEeEpSBPV5X5v4+Vmx+8snU7RLPrNHPKSgLxGo9YuQzz20o+w==

lunr@^2.3.9:
  version "2.3.9"
  resolved "https://registry.yarnpkg.com/lunr/-/lunr-2.3.9.tgz#18b123142832337dd6e964df1a5a7707b25d35e1"
  integrity sha512-zTU3DaZaF3Rt9rhN3uBMGQD3dD2/vFQqnvZCDv4dl5iOzq2IZQqTxu90r4E5J+nP70J3ilqVCrbho2eWaeW8Ow==

magic-string@^0.30.0:
  version "0.30.0"
  resolved "https://registry.yarnpkg.com/magic-string/-/magic-string-0.30.0.tgz#fd58a4748c5c4547338a424e90fa5dd17f4de529"
  integrity sha512-LA+31JYDJLs82r2ScLrlz1GjSgu66ZV518eyWT+S8VhyQn/JL0u9MeBOvQMGYiPk1DBiSN9DDMOcXvigJZaViQ==
  dependencies:
    "@jridgewell/sourcemap-codec" "^1.4.13"

marked@^4.2.12:
  version "4.3.0"
  resolved "https://registry.yarnpkg.com/marked/-/marked-4.3.0.tgz#796362821b019f734054582038b116481b456cf3"
  integrity sha512-PRsaiG84bK+AMvxziE/lCFss8juXjNaWzVbN5tXAm4XjeaS9NAHhop+PjQxz2A9h8Q4M/xGmzP8vqNwy6JeK0A==

minimatch@^6.1.6:
  version "6.2.0"
  resolved "https://registry.yarnpkg.com/minimatch/-/minimatch-6.2.0.tgz#2b70fd13294178c69c04dfc05aebdb97a4e79e42"
  integrity sha512-sauLxniAmvnhhRjFwPNnJKaPFYyddAgbYdeUpHULtCT/GhzdCx/MDNy+Y40lBxTQUrMzDE8e0S43Z5uqfO0REg==
  dependencies:
    brace-expansion "^2.0.1"

minimatch@^7.1.3:
  version "7.4.5"
  resolved "https://registry.yarnpkg.com/minimatch/-/minimatch-7.4.5.tgz#e721f2a6faba6846f3b891ccff9966dcf728813e"
  integrity sha512-OzOamaOmNBJZUv2qqY1OSWa+++4YPpOkLgkc0w30Oov5ufKlWWXnFUl0l4dgmSv5Shq/zRVkEOXAe2NaqO4l5Q==
  dependencies:
    brace-expansion "^2.0.1"

muggle-string@^0.2.2:
  version "0.2.2"
  resolved "https://registry.yarnpkg.com/muggle-string/-/muggle-string-0.2.2.tgz#786aa53fea1652c61c6a59e1f839292b262bc72a"
  integrity sha512-YVE1mIJ4VpUMqZObFndk9CJu6DBJR/GB13p3tXuNbwD4XExaI5EOuRl6BHeIDxIqXZVxSfAC+y6U1Z/IxCfKUg==

nanoid@^3.3.4:
  version "3.3.6"
  resolved "https://registry.yarnpkg.com/nanoid/-/nanoid-3.3.6.tgz#443380c856d6e9f9824267d960b4236ad583ea4c"
  integrity sha512-BGcqMMJuToF7i1rt+2PWSNVnWIkGCU78jBG3RxO/bZlnZPK2Cmi2QaffxGO/2RvWi9sL+FAiRiXMgsyxQ1DIDA==

picocolors@^1.0.0:
  version "1.0.0"
  resolved "https://registry.yarnpkg.com/picocolors/-/picocolors-1.0.0.tgz#cb5bdc74ff3f51892236eaf79d68bc44564ab81c"
  integrity sha512-1fygroTLlHu66zi26VoTDv8yRgm0Fccecssto+MhsZ0D/DGW2sm8E8AjW7NU5VVTRt5GxbeZ5qBuJr+HyLYkjQ==

postcss@^8.1.10:
  version "8.4.21"
  resolved "https://registry.yarnpkg.com/postcss/-/postcss-8.4.21.tgz#c639b719a57efc3187b13a1d765675485f4134f4"
  integrity sha512-tP7u/Sn/dVxK2NnruI4H9BG+x+Wxz6oeZ1cJ8P6G/PZY0IKk4k/63TDsQf2kQq3+qoJeLm2kIBUNlZe3zgb4Zg==
  dependencies:
    nanoid "^3.3.4"
    picocolors "^1.0.0"
    source-map-js "^1.0.2"

shiki@^0.14.1:
  version "0.14.1"
  resolved "https://registry.yarnpkg.com/shiki/-/shiki-0.14.1.tgz#9fbe082d0a8aa2ad63df4fbf2ee11ec924aa7ee1"
  integrity sha512-+Jz4nBkCBe0mEDqo1eKRcCdjRtrCjozmcbTUjbPTX7OOJfEbTZzlUWlZtGe3Gb5oV1/jnojhG//YZc3rs9zSEw==
  dependencies:
    ansi-sequence-parser "^1.1.0"
    jsonc-parser "^3.2.0"
    vscode-oniguruma "^1.7.0"
    vscode-textmate "^8.0.0"

source-map-js@^1.0.2:
  version "1.0.2"
  resolved "https://registry.yarnpkg.com/source-map-js/-/source-map-js-1.0.2.tgz#adbc361d9c62df380125e7f161f71c826f1e490c"
  integrity sha512-R0XvVJ9WusLiqTCEiGCmICCMplcCkIwwR11mOSD9CR5u+IXYdiseeEuXCVAjS54zqwkLcPNnmU4OeJ6tUrWhDw==

source-map@^0.6.1:
  version "0.6.1"
  resolved "https://registry.yarnpkg.com/source-map/-/source-map-0.6.1.tgz#74722af32e9614e9c287a8d0bbde48b5e2f1a263"
  integrity sha512-UjgapumWlbMhkBgzT7Ykc5YXUT46F0iKu8SGXq0bcwP5dz/h0Plj6enJqjz1Zbq2l5WaqYnrVbwWOWMyF3F47g==

typedoc@^0.23.28:
  version "0.23.28"
  resolved "https://registry.yarnpkg.com/typedoc/-/typedoc-0.23.28.tgz#3ce9c36ef1c273fa849d2dea18651855100d3ccd"
  integrity sha512-9x1+hZWTHEQcGoP7qFmlo4unUoVJLB0H/8vfO/7wqTnZxg4kPuji9y3uRzEu0ZKez63OJAUmiGhUrtukC6Uj3w==
  dependencies:
    lunr "^2.3.9"
    marked "^4.2.12"
    minimatch "^7.1.3"
    shiki "^0.14.1"

typescript@^5.0.3:
  version "5.0.3"
  resolved "https://registry.yarnpkg.com/typescript/-/typescript-5.0.3.tgz#fe976f0c826a88d0a382007681cbb2da44afdedf"
  integrity sha512-xv8mOEDnigb/tN9PSMTwSEqAnUvkoXMQlicOb0IUVDBSQCgBSaAAROUZYy2IcUy5qU6XajK5jjjO7TMWqBTKZA==

vscode-oniguruma@^1.7.0:
  version "1.7.0"
  resolved "https://registry.yarnpkg.com/vscode-oniguruma/-/vscode-oniguruma-1.7.0.tgz#439bfad8fe71abd7798338d1cd3dc53a8beea94b"
  integrity sha512-L9WMGRfrjOhgHSdOYgCt/yRMsXzLDJSL7BPrOZt73gU0iWO4mpqzqQzOz5srxqTvMBaR0XZTSrVWo4j55Rc6cA==

vscode-textmate@^8.0.0:
  version "8.0.0"
  resolved "https://registry.yarnpkg.com/vscode-textmate/-/vscode-textmate-8.0.0.tgz#2c7a3b1163ef0441097e0b5d6389cd5504b59e5d"
  integrity sha512-AFbieoL7a5LMqcnOF04ji+rpXadgOXnZsxQr//r83kLPr7biP7am3g9zbaZIaBGwBRWeSvoMD4mgPdX3e4NWBg==

vue-template-compiler@^2.7.14:
  version "2.7.14"
  resolved "https://registry.yarnpkg.com/vue-template-compiler/-/vue-template-compiler-2.7.14.tgz#4545b7dfb88090744c1577ae5ac3f964e61634b1"
  integrity sha512-zyA5Y3ArvVG0NacJDkkzJuPQDF8RFeRlzV2vLeSnhSpieO6LK2OVbdLPi5MPPs09Ii+gMO8nY4S3iKQxBxDmWQ==
  dependencies:
    de-indent "^1.0.2"
    he "^1.2.0"

vue-tsc@1.3.12:
  version "1.3.12"
  resolved "https://registry.yarnpkg.com/vue-tsc/-/vue-tsc-1.3.12.tgz#afda7ab320131289fcc5ef6199adf9a1fe1280f6"
  integrity sha512-4Xo3HRyXIzpMqpjQs1STOmPgchGkpwPSVy+sD3LrAuVHF9/mvin1Q6tBdPr0xN4lpHXRTVIwAqfzufP25CDUkg==
  dependencies:
    "@volar/vue-language-core" "1.3.12"
    "@volar/vue-typescript" "1.3.12"
